// !$*UTF8*$!
{
	archiveVersion = 1;
	classes = {
	};
	objectVersion = 50;
	objects = {

/* Begin PBXBuildFile section */
		A1F0BABD212FF5CC0021A5D3 /* AppDelegate.m in Sources */ = {isa = PBXBuildFile; fileRef = A1F0BABC212FF5CC0021A5D3 /* AppDelegate.m */; };
		A1F0BAC0212FF5CC0021A5D3 /* ViewController.m in Sources */ = {isa = PBXBuildFile; fileRef = A1F0BABF212FF5CC0021A5D3 /* ViewController.m */; };
		A1F0BAC3212FF5CC0021A5D3 /* Main.storyboard in Resources */ = {isa = PBXBuildFile; fileRef = A1F0BAC1212FF5CC0021A5D3 /* Main.storyboard */; };
		A1F0BAC5212FF5CE0021A5D3 /* Assets.xcassets in Resources */ = {isa = PBXBuildFile; fileRef = A1F0BAC4212FF5CE0021A5D3 /* Assets.xcassets */; };
		A1F0BAC8212FF5CE0021A5D3 /* LaunchScreen.storyboard in Resources */ = {isa = PBXBuildFile; fileRef = A1F0BAC6212FF5CE0021A5D3 /* LaunchScreen.storyboard */; };
		A1F0BACB212FF5CE0021A5D3 /* main.m in Sources */ = {isa = PBXBuildFile; fileRef = A1F0BACA212FF5CE0021A5D3 /* main.m */; };
		A1F0BAD5212FF5CE0021A5D3 /* YLAudioTests.m in Sources */ = {isa = PBXBuildFile; fileRef = A1F0BAD4212FF5CE0021A5D3 /* YLAudioTests.m */; };
		A1F0BAE0212FF5CE0021A5D3 /* YLAudioUITests.m in Sources */ = {isa = PBXBuildFile; fileRef = A1F0BADF212FF5CE0021A5D3 /* YLAudioUITests.m */; };
		A1F0BB0D212FF64B0021A5D3 /* libmp3lame.a in Frameworks */ = {isa = PBXBuildFile; fileRef = A1F0BAF0212FF64B0021A5D3 /* libmp3lame.a */; };
		A1F0BB0E212FF64B0021A5D3 /* libopencore-amrwb.a in Frameworks */ = {isa = PBXBuildFile; fileRef = A1F0BAF7212FF64B0021A5D3 /* libopencore-amrwb.a */; };
		A1F0BB0F212FF64B0021A5D3 /* libopencore-amrnb.a in Frameworks */ = {isa = PBXBuildFile; fileRef = A1F0BAF8212FF64B0021A5D3 /* libopencore-amrnb.a */; };
		A1F0BB10212FF64B0021A5D3 /* voiceAmrFileCodec.mm in Sources */ = {isa = PBXBuildFile; fileRef = A1F0BAFD212FF64B0021A5D3 /* voiceAmrFileCodec.mm */; };
		A1F0BB11212FF64B0021A5D3 /* PFAudio.mm in Sources */ = {isa = PBXBuildFile; fileRef = A1F0BB00212FF64B0021A5D3 /* PFAudio.mm */; };
		A1F0BB12212FF64B0021A5D3 /* YLAudioPlayer.m in Sources */ = {isa = PBXBuildFile; fileRef = A1F0BB02212FF64B0021A5D3 /* YLAudioPlayer.m */; };
		A1F0BB13212FF64B0021A5D3 /* YLVoiceRecordView.m in Sources */ = {isa = PBXBuildFile; fileRef = A1F0BB03212FF64B0021A5D3 /* YLVoiceRecordView.m */; };
		A1F0BB14212FF64B0021A5D3 /* YLAudioRecord.m in Sources */ = {isa = PBXBuildFile; fileRef = A1F0BB04212FF64B0021A5D3 /* YLAudioRecord.m */; };
		A1F0BB15212FF64B0021A5D3 /* recordCancel_icon@2x.png in Resources */ = {isa = PBXBuildFile; fileRef = A1F0BB06212FF64B0021A5D3 /* recordCancel_icon@2x.png */; };
		A1F0BB16212FF64B0021A5D3 /* recordCancel_icon@3x.png in Resources */ = {isa = PBXBuildFile; fileRef = A1F0BB07212FF64B0021A5D3 /* recordCancel_icon@3x.png */; };
		A1F0BB17212FF64B0021A5D3 /* voiceRecord_icon@3x.png in Resources */ = {isa = PBXBuildFile; fileRef = A1F0BB08212FF64B0021A5D3 /* voiceRecord_icon@3x.png */; };
		A1F0BB18212FF64B0021A5D3 /* voiceRecord_icon@2x.png in Resources */ = {isa = PBXBuildFile; fileRef = A1F0BB09212FF64B0021A5D3 /* voiceRecord_icon@2x.png */; };
/* End PBXBuildFile section */

/* Begin PBXContainerItemProxy section */
		A1F0BAD1212FF5CE0021A5D3 /* PBXContainerItemProxy */ = {
			isa = PBXContainerItemProxy;
			containerPortal = A1F0BAB0212FF5CC0021A5D3 /* Project object */;
			proxyType = 1;
			remoteGlobalIDString = A1F0BAB7212FF5CC0021A5D3;
			remoteInfo = YLAudio;
		};
		A1F0BADC212FF5CE0021A5D3 /* PBXContainerItemProxy */ = {
			isa = PBXContainerItemProxy;
			containerPortal = A1F0BAB0212FF5CC0021A5D3 /* Project object */;
			proxyType = 1;
			remoteGlobalIDString = A1F0BAB7212FF5CC0021A5D3;
			remoteInfo = YLAudio;
		};
/* End PBXContainerItemProxy section */

/* Begin PBXFileReference section */
		A1F0BAB8212FF5CC0021A5D3 /* YLAudio.app */ = {isa = PBXFileReference; explicitFileType = wrapper.application; includeInIndex = 0; path = YLAudio.app; sourceTree = BUILT_PRODUCTS_DIR; };
		A1F0BABB212FF5CC0021A5D3 /* AppDelegate.h */ = {isa = PBXFileReference; lastKnownFileType = sourcecode.c.h; path = AppDelegate.h; sourceTree = "<group>"; };
		A1F0BABC212FF5CC0021A5D3 /* AppDelegate.m */ = {isa = PBXFileReference; lastKnownFileType = sourcecode.c.objc; path = AppDelegate.m; sourceTree = "<group>"; };
		A1F0BABE212FF5CC0021A5D3 /* ViewController.h */ = {isa = PBXFileReference; lastKnownFileType = sourcecode.c.h; path = ViewController.h; sourceTree = "<group>"; };
		A1F0BABF212FF5CC0021A5D3 /* ViewController.m */ = {isa = PBXFileReference; lastKnownFileType = sourcecode.c.objc; path = ViewController.m; sourceTree = "<group>"; };
		A1F0BAC2212FF5CC0021A5D3 /* Base */ = {isa = PBXFileReference; lastKnownFileType = file.storyboard; name = Base; path = Base.lproj/Main.storyboard; sourceTree = "<group>"; };
		A1F0BAC4212FF5CE0021A5D3 /* Assets.xcassets */ = {isa = PBXFileReference; lastKnownFileType = folder.assetcatalog; path = Assets.xcassets; sourceTree = "<group>"; };
		A1F0BAC7212FF5CE0021A5D3 /* Base */ = {isa = PBXFileReference; lastKnownFileType = file.storyboard; name = Base; path = Base.lproj/LaunchScreen.storyboard; sourceTree = "<group>"; };
		A1F0BAC9212FF5CE0021A5D3 /* Info.plist */ = {isa = PBXFileReference; lastKnownFileType = text.plist.xml; path = Info.plist; sourceTree = "<group>"; };
		A1F0BACA212FF5CE0021A5D3 /* main.m */ = {isa = PBXFileReference; lastKnownFileType = sourcecode.c.objc; path = main.m; sourceTree = "<group>"; };
		A1F0BAD0212FF5CE0021A5D3 /* YLAudioTests.xctest */ = {isa = PBXFileReference; explicitFileType = wrapper.cfbundle; includeInIndex = 0; path = YLAudioTests.xctest; sourceTree = BUILT_PRODUCTS_DIR; };
		A1F0BAD4212FF5CE0021A5D3 /* YLAudioTests.m */ = {isa = PBXFileReference; lastKnownFileType = sourcecode.c.objc; path = YLAudioTests.m; sourceTree = "<group>"; };
		A1F0BAD6212FF5CE0021A5D3 /* Info.plist */ = {isa = PBXFileReference; lastKnownFileType = text.plist.xml; path = Info.plist; sourceTree = "<group>"; };
		A1F0BADB212FF5CE0021A5D3 /* YLAudioUITests.xctest */ = {isa = PBXFileReference; explicitFileType = wrapper.cfbundle; includeInIndex = 0; path = YLAudioUITests.xctest; sourceTree = BUILT_PRODUCTS_DIR; };
		A1F0BADF212FF5CE0021A5D3 /* YLAudioUITests.m */ = {isa = PBXFileReference; lastKnownFileType = sourcecode.c.objc; path = YLAudioUITests.m; sourceTree = "<group>"; };
		A1F0BAE1212FF5CE0021A5D3 /* Info.plist */ = {isa = PBXFileReference; lastKnownFileType = text.plist.xml; path = Info.plist; sourceTree = "<group>"; };
		A1F0BAF0212FF64B0021A5D3 /* libmp3lame.a */ = {isa = PBXFileReference; lastKnownFileType = archive.ar; path = libmp3lame.a; sourceTree = "<group>"; };
		A1F0BAF1212FF64B0021A5D3 /* lame.h */ = {isa = PBXFileReference; fileEncoding = 4; lastKnownFileType = sourcecode.c.h; path = lame.h; sourceTree = "<group>"; };
		A1F0BAF4212FF64B0021A5D3 /* if_rom.h */ = {isa = PBXFileReference; fileEncoding = 4; lastKnownFileType = sourcecode.c.h; path = if_rom.h; sourceTree = "<group>"; };
		A1F0BAF5212FF64B0021A5D3 /* dec_if.h */ = {isa = PBXFileReference; fileEncoding = 4; lastKnownFileType = sourcecode.c.h; path = dec_if.h; sourceTree = "<group>"; };
		A1F0BAF7212FF64B0021A5D3 /* libopencore-amrwb.a */ = {isa = PBXFileReference; lastKnownFileType = archive.ar; path = "libopencore-amrwb.a"; sourceTree = "<group>"; };
		A1F0BAF8212FF64B0021A5D3 /* libopencore-amrnb.a */ = {isa = PBXFileReference; lastKnownFileType = archive.ar; path = "libopencore-amrnb.a"; sourceTree = "<group>"; };
		A1F0BAFA212FF64B0021A5D3 /* interf_dec.h */ = {isa = PBXFileReference; fileEncoding = 4; lastKnownFileType = sourcecode.c.h; path = interf_dec.h; sourceTree = "<group>"; };
		A1F0BAFB212FF64B0021A5D3 /* interf_enc.h */ = {isa = PBXFileReference; fileEncoding = 4; lastKnownFileType = sourcecode.c.h; path = interf_enc.h; sourceTree = "<group>"; };
		A1F0BAFD212FF64B0021A5D3 /* voiceAmrFileCodec.mm */ = {isa = PBXFileReference; fileEncoding = 4; lastKnownFileType = sourcecode.cpp.objcpp; path = voiceAmrFileCodec.mm; sourceTree = "<group>"; };
		A1F0BAFE212FF64B0021A5D3 /* voiceAmrFileCodec.h */ = {isa = PBXFileReference; fileEncoding = 4; lastKnownFileType = sourcecode.c.h; path = voiceAmrFileCodec.h; sourceTree = "<group>"; };
		A1F0BAFF212FF64B0021A5D3 /* PFAudio.h */ = {isa = PBXFileReference; fileEncoding = 4; lastKnownFileType = sourcecode.c.h; path = PFAudio.h; sourceTree = "<group>"; };
		A1F0BB00212FF64B0021A5D3 /* PFAudio.mm */ = {isa = PBXFileReference; fileEncoding = 4; lastKnownFileType = sourcecode.cpp.objcpp; path = PFAudio.mm; sourceTree = "<group>"; };
		A1F0BB02212FF64B0021A5D3 /* YLAudioPlayer.m */ = {isa = PBXFileReference; fileEncoding = 4; lastKnownFileType = sourcecode.c.objc; path = YLAudioPlayer.m; sourceTree = "<group>"; };
		A1F0BB03212FF64B0021A5D3 /* YLVoiceRecordView.m */ = {isa = PBXFileReference; fileEncoding = 4; lastKnownFileType = sourcecode.c.objc; path = YLVoiceRecordView.m; sourceTree = "<group>"; };
		A1F0BB04212FF64B0021A5D3 /* YLAudioRecord.m */ = {isa = PBXFileReference; fileEncoding = 4; lastKnownFileType = sourcecode.c.objc; path = YLAudioRecord.m; sourceTree = "<group>"; };
		A1F0BB06212FF64B0021A5D3 /* recordCancel_icon@2x.png */ = {isa = PBXFileReference; lastKnownFileType = image.png; path = "recordCancel_icon@2x.png"; sourceTree = "<group>"; };
		A1F0BB07212FF64B0021A5D3 /* recordCancel_icon@3x.png */ = {isa = PBXFileReference; lastKnownFileType = image.png; path = "recordCancel_icon@3x.png"; sourceTree = "<group>"; };
		A1F0BB08212FF64B0021A5D3 /* voiceRecord_icon@3x.png */ = {isa = PBXFileReference; lastKnownFileType = image.png; path = "voiceRecord_icon@3x.png"; sourceTree = "<group>"; };
		A1F0BB09212FF64B0021A5D3 /* voiceRecord_icon@2x.png */ = {isa = PBXFileReference; lastKnownFileType = image.png; path = "voiceRecord_icon@2x.png"; sourceTree = "<group>"; };
		A1F0BB0A212FF64B0021A5D3 /* YLVoiceRecordView.h */ = {isa = PBXFileReference; fileEncoding = 4; lastKnownFileType = sourcecode.c.h; path = YLVoiceRecordView.h; sourceTree = "<group>"; };
		A1F0BB0B212FF64B0021A5D3 /* YLAudioPlayer.h */ = {isa = PBXFileReference; fileEncoding = 4; lastKnownFileType = sourcecode.c.h; path = YLAudioPlayer.h; sourceTree = "<group>"; };
		A1F0BB0C212FF64B0021A5D3 /* YLAudioRecord.h */ = {isa = PBXFileReference; fileEncoding = 4; lastKnownFileType = sourcecode.c.h; path = YLAudioRecord.h; sourceTree = "<group>"; };
/* End PBXFileReference section */

/* Begin PBXFrameworksBuildPhase section */
		A1F0BAB5212FF5CC0021A5D3 /* Frameworks */ = {
			isa = PBXFrameworksBuildPhase;
			buildActionMask = 2147483647;
			files = (
				A1F0BB0E212FF64B0021A5D3 /* libopencore-amrwb.a in Frameworks */,
				A1F0BB0F212FF64B0021A5D3 /* libopencore-amrnb.a in Frameworks */,
				A1F0BB0D212FF64B0021A5D3 /* libmp3lame.a in Frameworks */,
			);
			runOnlyForDeploymentPostprocessing = 0;
		};
		A1F0BACD212FF5CE0021A5D3 /* Frameworks */ = {
			isa = PBXFrameworksBuildPhase;
			buildActionMask = 2147483647;
			files = (
			);
			runOnlyForDeploymentPostprocessing = 0;
		};
		A1F0BAD8212FF5CE0021A5D3 /* Frameworks */ = {
			isa = PBXFrameworksBuildPhase;
			buildActionMask = 2147483647;
			files = (
			);
			runOnlyForDeploymentPostprocessing = 0;
		};
/* End PBXFrameworksBuildPhase section */

/* Begin PBXGroup section */
		A1F0BAAF212FF5CC0021A5D3 = {
			isa = PBXGroup;
			children = (
				A1F0BABA212FF5CC0021A5D3 /* YLAudio */,
				A1F0BAD3212FF5CE0021A5D3 /* YLAudioTests */,
				A1F0BADE212FF5CE0021A5D3 /* YLAudioUITests */,
				A1F0BAB9212FF5CC0021A5D3 /* Products */,
			);
			sourceTree = "<group>";
		};
		A1F0BAB9212FF5CC0021A5D3 /* Products */ = {
			isa = PBXGroup;
			children = (
				A1F0BAB8212FF5CC0021A5D3 /* YLAudio.app */,
				A1F0BAD0212FF5CE0021A5D3 /* YLAudioTests.xctest */,
				A1F0BADB212FF5CE0021A5D3 /* YLAudioUITests.xctest */,
			);
			name = Products;
			sourceTree = "<group>";
		};
		A1F0BABA212FF5CC0021A5D3 /* YLAudio */ = {
			isa = PBXGroup;
			children = (
				A1F0BABB212FF5CC0021A5D3 /* AppDelegate.h */,
				A1F0BABC212FF5CC0021A5D3 /* AppDelegate.m */,
				A1F0BABE212FF5CC0021A5D3 /* ViewController.h */,
				A1F0BABF212FF5CC0021A5D3 /* ViewController.m */,
				A1F0BAED212FF64B0021A5D3 /* Audio */,
				A1F0BAC1212FF5CC0021A5D3 /* Main.storyboard */,
				A1F0BAC4212FF5CE0021A5D3 /* Assets.xcassets */,
				A1F0BAC6212FF5CE0021A5D3 /* LaunchScreen.storyboard */,
				A1F0BAC9212FF5CE0021A5D3 /* Info.plist */,
				A1F0BACA212FF5CE0021A5D3 /* main.m */,
			);
			path = YLAudio;
			sourceTree = "<group>";
		};
		A1F0BAD3212FF5CE0021A5D3 /* YLAudioTests */ = {
			isa = PBXGroup;
			children = (
				A1F0BAD4212FF5CE0021A5D3 /* YLAudioTests.m */,
				A1F0BAD6212FF5CE0021A5D3 /* Info.plist */,
			);
			path = YLAudioTests;
			sourceTree = "<group>";
		};
		A1F0BADE212FF5CE0021A5D3 /* YLAudioUITests */ = {
			isa = PBXGroup;
			children = (
				A1F0BADF212FF5CE0021A5D3 /* YLAudioUITests.m */,
				A1F0BAE1212FF5CE0021A5D3 /* Info.plist */,
			);
			path = YLAudioUITests;
			sourceTree = "<group>";
		};
		A1F0BAED212FF64B0021A5D3 /* Audio */ = {
			isa = PBXGroup;
			children = (
				A1F0BAEE212FF64B0021A5D3 /* PFAudio */,
				A1F0BB01212FF64B0021A5D3 /* YLAudio */,
			);
			path = Audio;
			sourceTree = SOURCE_ROOT;
		};
		A1F0BAEE212FF64B0021A5D3 /* PFAudio */ = {
			isa = PBXGroup;
			children = (
				A1F0BAEF212FF64B0021A5D3 /* lame */,
				A1F0BAF2212FF64B0021A5D3 /* VoiceConvert */,
				A1F0BAFF212FF64B0021A5D3 /* PFAudio.h */,
				A1F0BB00212FF64B0021A5D3 /* PFAudio.mm */,
			);
			path = PFAudio;
			sourceTree = "<group>";
		};
		A1F0BAEF212FF64B0021A5D3 /* lame */ = {
			isa = PBXGroup;
			children = (
				A1F0BAF0212FF64B0021A5D3 /* libmp3lame.a */,
				A1F0BAF1212FF64B0021A5D3 /* lame.h */,
			);
			path = lame;
			sourceTree = "<group>";
		};
		A1F0BAF2212FF64B0021A5D3 /* VoiceConvert */ = {
			isa = PBXGroup;
			children = (
				A1F0BAF3212FF64B0021A5D3 /* opencore-amrwb */,
				A1F0BAF6212FF64B0021A5D3 /* lib */,
				A1F0BAF9212FF64B0021A5D3 /* opencore-amrnb */,
				A1F0BAFC212FF64B0021A5D3 /* amrwapper */,
			);
			path = VoiceConvert;
			sourceTree = "<group>";
		};
		A1F0BAF3212FF64B0021A5D3 /* opencore-amrwb */ = {
			isa = PBXGroup;
			children = (
				A1F0BAF4212FF64B0021A5D3 /* if_rom.h */,
				A1F0BAF5212FF64B0021A5D3 /* dec_if.h */,
			);
			path = "opencore-amrwb";
			sourceTree = "<group>";
		};
		A1F0BAF6212FF64B0021A5D3 /* lib */ = {
			isa = PBXGroup;
			children = (
				A1F0BAF7212FF64B0021A5D3 /* libopencore-amrwb.a */,
				A1F0BAF8212FF64B0021A5D3 /* libopencore-amrnb.a */,
			);
			path = lib;
			sourceTree = "<group>";
		};
		A1F0BAF9212FF64B0021A5D3 /* opencore-amrnb */ = {
			isa = PBXGroup;
			children = (
				A1F0BAFA212FF64B0021A5D3 /* interf_dec.h */,
				A1F0BAFB212FF64B0021A5D3 /* interf_enc.h */,
			);
			path = "opencore-amrnb";
			sourceTree = "<group>";
		};
		A1F0BAFC212FF64B0021A5D3 /* amrwapper */ = {
			isa = PBXGroup;
			children = (
				A1F0BAFD212FF64B0021A5D3 /* voiceAmrFileCodec.mm */,
				A1F0BAFE212FF64B0021A5D3 /* voiceAmrFileCodec.h */,
			);
			path = amrwapper;
			sourceTree = "<group>";
		};
		A1F0BB01212FF64B0021A5D3 /* YLAudio */ = {
			isa = PBXGroup;
			children = (
				A1F0BB05212FF64B0021A5D3 /* image */,
				A1F0BB02212FF64B0021A5D3 /* YLAudioPlayer.m */,
				A1F0BB03212FF64B0021A5D3 /* YLVoiceRecordView.m */,
				A1F0BB04212FF64B0021A5D3 /* YLAudioRecord.m */,
				A1F0BB0A212FF64B0021A5D3 /* YLVoiceRecordView.h */,
				A1F0BB0B212FF64B0021A5D3 /* YLAudioPlayer.h */,
				A1F0BB0C212FF64B0021A5D3 /* YLAudioRecord.h */,
			);
			path = YLAudio;
			sourceTree = "<group>";
		};
		A1F0BB05212FF64B0021A5D3 /* image */ = {
			isa = PBXGroup;
			children = (
				A1F0BB06212FF64B0021A5D3 /* recordCancel_icon@2x.png */,
				A1F0BB07212FF64B0021A5D3 /* recordCancel_icon@3x.png */,
				A1F0BB08212FF64B0021A5D3 /* voiceRecord_icon@3x.png */,
				A1F0BB09212FF64B0021A5D3 /* voiceRecord_icon@2x.png */,
			);
			path = image;
			sourceTree = "<group>";
		};
/* End PBXGroup section */

/* Begin PBXNativeTarget section */
		A1F0BAB7212FF5CC0021A5D3 /* YLAudio */ = {
			isa = PBXNativeTarget;
			buildConfigurationList = A1F0BAE4212FF5CE0021A5D3 /* Build configuration list for PBXNativeTarget "YLAudio" */;
			buildPhases = (
				A1F0BAB4212FF5CC0021A5D3 /* Sources */,
				A1F0BAB5212FF5CC0021A5D3 /* Frameworks */,
				A1F0BAB6212FF5CC0021A5D3 /* Resources */,
			);
			buildRules = (
			);
			dependencies = (
			);
			name = YLAudio;
			productName = YLAudio;
			productReference = A1F0BAB8212FF5CC0021A5D3 /* YLAudio.app */;
			productType = "com.apple.product-type.application";
		};
		A1F0BACF212FF5CE0021A5D3 /* YLAudioTests */ = {
			isa = PBXNativeTarget;
			buildConfigurationList = A1F0BAE7212FF5CE0021A5D3 /* Build configuration list for PBXNativeTarget "YLAudioTests" */;
			buildPhases = (
				A1F0BACC212FF5CE0021A5D3 /* Sources */,
				A1F0BACD212FF5CE0021A5D3 /* Frameworks */,
				A1F0BACE212FF5CE0021A5D3 /* Resources */,
			);
			buildRules = (
			);
			dependencies = (
				A1F0BAD2212FF5CE0021A5D3 /* PBXTargetDependency */,
			);
			name = YLAudioTests;
			productName = YLAudioTests;
			productReference = A1F0BAD0212FF5CE0021A5D3 /* YLAudioTests.xctest */;
			productType = "com.apple.product-type.bundle.unit-test";
		};
		A1F0BADA212FF5CE0021A5D3 /* YLAudioUITests */ = {
			isa = PBXNativeTarget;
			buildConfigurationList = A1F0BAEA212FF5CE0021A5D3 /* Build configuration list for PBXNativeTarget "YLAudioUITests" */;
			buildPhases = (
				A1F0BAD7212FF5CE0021A5D3 /* Sources */,
				A1F0BAD8212FF5CE0021A5D3 /* Frameworks */,
				A1F0BAD9212FF5CE0021A5D3 /* Resources */,
			);
			buildRules = (
			);
			dependencies = (
				A1F0BADD212FF5CE0021A5D3 /* PBXTargetDependency */,
			);
			name = YLAudioUITests;
			productName = YLAudioUITests;
			productReference = A1F0BADB212FF5CE0021A5D3 /* YLAudioUITests.xctest */;
			productType = "com.apple.product-type.bundle.ui-testing";
		};
/* End PBXNativeTarget section */

/* Begin PBXProject section */
		A1F0BAB0212FF5CC0021A5D3 /* Project object */ = {
			isa = PBXProject;
			attributes = {
				LastUpgradeCheck = 0930;
				ORGANIZATIONNAME = weixinjie;
				TargetAttributes = {
					A1F0BAB7212FF5CC0021A5D3 = {
						CreatedOnToolsVersion = 9.3.1;
					};
					A1F0BACF212FF5CE0021A5D3 = {
						CreatedOnToolsVersion = 9.3.1;
						TestTargetID = A1F0BAB7212FF5CC0021A5D3;
					};
					A1F0BADA212FF5CE0021A5D3 = {
						CreatedOnToolsVersion = 9.3.1;
						TestTargetID = A1F0BAB7212FF5CC0021A5D3;
					};
				};
			};
			buildConfigurationList = A1F0BAB3212FF5CC0021A5D3 /* Build configuration list for PBXProject "YLAudio" */;
			compatibilityVersion = "Xcode 9.3";
			developmentRegion = en;
			hasScannedForEncodings = 0;
			knownRegions = (
				en,
				Base,
			);
			mainGroup = A1F0BAAF212FF5CC0021A5D3;
			productRefGroup = A1F0BAB9212FF5CC0021A5D3 /* Products */;
			projectDirPath = "";
			projectRoot = "";
			targets = (
				A1F0BAB7212FF5CC0021A5D3 /* YLAudio */,
				A1F0BACF212FF5CE0021A5D3 /* YLAudioTests */,
				A1F0BADA212FF5CE0021A5D3 /* YLAudioUITests */,
			);
		};
/* End PBXProject section */

/* Begin PBXResourcesBuildPhase section */
		A1F0BAB6212FF5CC0021A5D3 /* Resources */ = {
			isa = PBXResourcesBuildPhase;
			buildActionMask = 2147483647;
			files = (
				A1F0BAC8212FF5CE0021A5D3 /* LaunchScreen.storyboard in Resources */,
				A1F0BAC5212FF5CE0021A5D3 /* Assets.xcassets in Resources */,
				A1F0BB15212FF64B0021A5D3 /* recordCancel_icon@2x.png in Resources */,
				A1F0BB16212FF64B0021A5D3 /* recordCancel_icon@3x.png in Resources */,
				A1F0BB17212FF64B0021A5D3 /* voiceRecord_icon@3x.png in Resources */,
				A1F0BB18212FF64B0021A5D3 /* voiceRecord_icon@2x.png in Resources */,
				A1F0BAC3212FF5CC0021A5D3 /* Main.storyboard in Resources */,
			);
			runOnlyForDeploymentPostprocessing = 0;
		};
		A1F0BACE212FF5CE0021A5D3 /* Resources */ = {
			isa = PBXResourcesBuildPhase;
			buildActionMask = 2147483647;
			files = (
			);
			runOnlyForDeploymentPostprocessing = 0;
		};
		A1F0BAD9212FF5CE0021A5D3 /* Resources */ = {
			isa = PBXResourcesBuildPhase;
			buildActionMask = 2147483647;
			files = (
			);
			runOnlyForDeploymentPostprocessing = 0;
		};
/* End PBXResourcesBuildPhase section */

/* Begin PBXSourcesBuildPhase section */
		A1F0BAB4212FF5CC0021A5D3 /* Sources */ = {
			isa = PBXSourcesBuildPhase;
			buildActionMask = 2147483647;
			files = (
				A1F0BB14212FF64B0021A5D3 /* YLAudioRecord.m in Sources */,
				A1F0BB10212FF64B0021A5D3 /* voiceAmrFileCodec.mm in Sources */,
				A1F0BAC0212FF5CC0021A5D3 /* ViewController.m in Sources */,
				A1F0BACB212FF5CE0021A5D3 /* main.m in Sources */,
				A1F0BB11212FF64B0021A5D3 /* PFAudio.mm in Sources */,
				A1F0BB12212FF64B0021A5D3 /* YLAudioPlayer.m in Sources */,
				A1F0BB13212FF64B0021A5D3 /* YLVoiceRecordView.m in Sources */,
				A1F0BABD212FF5CC0021A5D3 /* AppDelegate.m in Sources */,
			);
			runOnlyForDeploymentPostprocessing = 0;
		};
		A1F0BACC212FF5CE0021A5D3 /* Sources */ = {
			isa = PBXSourcesBuildPhase;
			buildActionMask = 2147483647;
			files = (
				A1F0BAD5212FF5CE0021A5D3 /* YLAudioTests.m in Sources */,
			);
			runOnlyForDeploymentPostprocessing = 0;
		};
		A1F0BAD7212FF5CE0021A5D3 /* Sources */ = {
			isa = PBXSourcesBuildPhase;
			buildActionMask = 2147483647;
			files = (
				A1F0BAE0212FF5CE0021A5D3 /* YLAudioUITests.m in Sources */,
			);
			runOnlyForDeploymentPostprocessing = 0;
		};
/* End PBXSourcesBuildPhase section */

/* Begin PBXTargetDependency section */
		A1F0BAD2212FF5CE0021A5D3 /* PBXTargetDependency */ = {
			isa = PBXTargetDependency;
			target = A1F0BAB7212FF5CC0021A5D3 /* YLAudio */;
			targetProxy = A1F0BAD1212FF5CE0021A5D3 /* PBXContainerItemProxy */;
		};
		A1F0BADD212FF5CE0021A5D3 /* PBXTargetDependency */ = {
			isa = PBXTargetDependency;
			target = A1F0BAB7212FF5CC0021A5D3 /* YLAudio */;
			targetProxy = A1F0BADC212FF5CE0021A5D3 /* PBXContainerItemProxy */;
		};
/* End PBXTargetDependency section */

/* Begin PBXVariantGroup section */
		A1F0BAC1212FF5CC0021A5D3 /* Main.storyboard */ = {
			isa = PBXVariantGroup;
			children = (
				A1F0BAC2212FF5CC0021A5D3 /* Base */,
			);
			name = Main.storyboard;
			sourceTree = "<group>";
		};
		A1F0BAC6212FF5CE0021A5D3 /* LaunchScreen.storyboard */ = {
			isa = PBXVariantGroup;
			children = (
				A1F0BAC7212FF5CE0021A5D3 /* Base */,
			);
			name = LaunchScreen.storyboard;
			sourceTree = "<group>";
		};
/* End PBXVariantGroup section */

/* Begin XCBuildConfiguration section */
		A1F0BAE2212FF5CE0021A5D3 /* Debug */ = {
			isa = XCBuildConfiguration;
			buildSettings = {
				ALWAYS_SEARCH_USER_PATHS = NO;
				CLANG_ANALYZER_NONNULL = YES;
				CLANG_ANALYZER_NUMBER_OBJECT_CONVERSION = YES_AGGRESSIVE;
				CLANG_CXX_LANGUAGE_STANDARD = "gnu++14";
				CLANG_CXX_LIBRARY = "libc++";
				CLANG_ENABLE_MODULES = YES;
				CLANG_ENABLE_OBJC_ARC = YES;
				CLANG_ENABLE_OBJC_WEAK = YES;
				CLANG_WARN_BLOCK_CAPTURE_AUTORELEASING = YES;
				CLANG_WARN_BOOL_CONVERSION = YES;
				CLANG_WARN_COMMA = YES;
				CLANG_WARN_CONSTANT_CONVERSION = YES;
				CLANG_WARN_DEPRECATED_OBJC_IMPLEMENTATIONS = YES;
				CLANG_WARN_DIRECT_OBJC_ISA_USAGE = YES_ERROR;
				CLANG_WARN_DOCUMENTATION_COMMENTS = YES;
				CLANG_WARN_EMPTY_BODY = YES;
				CLANG_WARN_ENUM_CONVERSION = YES;
				CLANG_WARN_INFINITE_RECURSION = YES;
				CLANG_WARN_INT_CONVERSION = YES;
				CLANG_WARN_NON_LITERAL_NULL_CONVERSION = YES;
				CLANG_WARN_OBJC_IMPLICIT_RETAIN_SELF = YES;
				CLANG_WARN_OBJC_LITERAL_CONVERSION = YES;
				CLANG_WARN_OBJC_ROOT_CLASS = YES_ERROR;
				CLANG_WARN_RANGE_LOOP_ANALYSIS = YES;
				CLANG_WARN_STRICT_PROTOTYPES = YES;
				CLANG_WARN_SUSPICIOUS_MOVE = YES;
				CLANG_WARN_UNGUARDED_AVAILABILITY = YES_AGGRESSIVE;
				CLANG_WARN_UNREACHABLE_CODE = YES;
				CLANG_WARN__DUPLICATE_METHOD_MATCH = YES;
				CODE_SIGN_IDENTITY = "iPhone Developer";
				COPY_PHASE_STRIP = NO;
				DEBUG_INFORMATION_FORMAT = dwarf;
				ENABLE_STRICT_OBJC_MSGSEND = YES;
				ENABLE_TESTABILITY = YES;
				GCC_C_LANGUAGE_STANDARD = gnu11;
				GCC_DYNAMIC_NO_PIC = NO;
				GCC_NO_COMMON_BLOCKS = YES;
				GCC_OPTIMIZATION_LEVEL = 0;
				GCC_PREPROCESSOR_DEFINITIONS = (
					"DEBUG=1",
					"$(inherited)",
				);
				GCC_WARN_64_TO_32_BIT_CONVERSION = YES;
				GCC_WARN_ABOUT_RETURN_TYPE = YES_ERROR;
				GCC_WARN_UNDECLARED_SELECTOR = YES;
				GCC_WARN_UNINITIALIZED_AUTOS = YES_AGGRESSIVE;
				GCC_WARN_UNUSED_FUNCTION = YES;
				GCC_WARN_UNUSED_VARIABLE = YES;
				IPHONEOS_DEPLOYMENT_TARGET = 10.0;
				MTL_ENABLE_DEBUG_INFO = YES;
				ONLY_ACTIVE_ARCH = YES;
				SDKROOT = iphoneos;
			};
			name = Debug;
		};
		A1F0BAE3212FF5CE0021A5D3 /* Release */ = {
			isa = XCBuildConfiguration;
			buildSettings = {
				ALWAYS_SEARCH_USER_PATHS = NO;
				CLANG_ANALYZER_NONNULL = YES;
				CLANG_ANALYZER_NUMBER_OBJECT_CONVERSION = YES_AGGRESSIVE;
				CLANG_CXX_LANGUAGE_STANDARD = "gnu++14";
				CLANG_CXX_LIBRARY = "libc++";
				CLANG_ENABLE_MODULES = YES;
				CLANG_ENABLE_OBJC_ARC = YES;
				CLANG_ENABLE_OBJC_WEAK = YES;
				CLANG_WARN_BLOCK_CAPTURE_AUTORELEASING = YES;
				CLANG_WARN_BOOL_CONVERSION = YES;
				CLANG_WARN_COMMA = YES;
				CLANG_WARN_CONSTANT_CONVERSION = YES;
				CLANG_WARN_DEPRECATED_OBJC_IMPLEMENTATIONS = YES;
				CLANG_WARN_DIRECT_OBJC_ISA_USAGE = YES_ERROR;
				CLANG_WARN_DOCUMENTATION_COMMENTS = YES;
				CLANG_WARN_EMPTY_BODY = YES;
				CLANG_WARN_ENUM_CONVERSION = YES;
				CLANG_WARN_INFINITE_RECURSION = YES;
				CLANG_WARN_INT_CONVERSION = YES;
				CLANG_WARN_NON_LITERAL_NULL_CONVERSION = YES;
				CLANG_WARN_OBJC_IMPLICIT_RETAIN_SELF = YES;
				CLANG_WARN_OBJC_LITERAL_CONVERSION = YES;
				CLANG_WARN_OBJC_ROOT_CLASS = YES_ERROR;
				CLANG_WARN_RANGE_LOOP_ANALYSIS = YES;
				CLANG_WARN_STRICT_PROTOTYPES = YES;
				CLANG_WARN_SUSPICIOUS_MOVE = YES;
				CLANG_WARN_UNGUARDED_AVAILABILITY = YES_AGGRESSIVE;
				CLANG_WARN_UNREACHABLE_CODE = YES;
				CLANG_WARN__DUPLICATE_METHOD_MATCH = YES;
				CODE_SIGN_IDENTITY = "iPhone Developer";
				COPY_PHASE_STRIP = NO;
				DEBUG_INFORMATION_FORMAT = "dwarf-with-dsym";
				ENABLE_NS_ASSERTIONS = NO;
				ENABLE_STRICT_OBJC_MSGSEND = YES;
				GCC_C_LANGUAGE_STANDARD = gnu11;
				GCC_NO_COMMON_BLOCKS = YES;
				GCC_WARN_64_TO_32_BIT_CONVERSION = YES;
				GCC_WARN_ABOUT_RETURN_TYPE = YES_ERROR;
				GCC_WARN_UNDECLARED_SELECTOR = YES;
				GCC_WARN_UNINITIALIZED_AUTOS = YES_AGGRESSIVE;
				GCC_WARN_UNUSED_FUNCTION = YES;
				GCC_WARN_UNUSED_VARIABLE = YES;
				IPHONEOS_DEPLOYMENT_TARGET = 10.0;
				MTL_ENABLE_DEBUG_INFO = NO;
				SDKROOT = iphoneos;
				VALIDATE_PRODUCT = YES;
			};
			name = Release;
		};
		A1F0BAE5212FF5CE0021A5D3 /* Debug */ = {
			isa = XCBuildConfiguration;
			buildSettings = {
				ASSETCATALOG_COMPILER_APPICON_NAME = AppIcon;
				CODE_SIGN_STYLE = Automatic;
				DEVELOPMENT_TEAM = KKRH2AA7MD;
				ENABLE_BITCODE = NO;
				INFOPLIST_FILE = YLAudio/Info.plist;
				LD_RUNPATH_SEARCH_PATHS = (
					"$(inherited)",
					"@executable_path/Frameworks",
				);
				LIBRARY_SEARCH_PATHS = (
					"$(inherited)",
					"$(PROJECT_DIR)/Audio/PFAudio/lame",
					"$(PROJECT_DIR)/Audio/PFAudio/VoiceConvert/lib",
				);
				PRODUCT_BUNDLE_IDENTIFIER = fosun.com.YLAudio;
				PRODUCT_NAME = "$(TARGET_NAME)";
				TARGETED_DEVICE_FAMILY = "1,2";
			};
			name = Debug;
		};
		A1F0BAE6212FF5CE0021A5D3 /* Release */ = {
			isa = XCBuildConfiguration;
			buildSettings = {
				ASSETCATALOG_COMPILER_APPICON_NAME = AppIcon;
				CODE_SIGN_STYLE = Automatic;
				DEVELOPMENT_TEAM = KKRH2AA7MD;
				ENABLE_BITCODE = NO;
				INFOPLIST_FILE = YLAudio/Info.plist;
				LD_RUNPATH_SEARCH_PATHS = (
					"$(inherited)",
					"@executable_path/Frameworks",
				);
				LIBRARY_SEARCH_PATHS = (
					"$(inherited)",
					"$(PROJECT_DIR)/Audio/PFAudio/lame",
					"$(PROJECT_DIR)/Audio/PFAudio/VoiceConvert/lib",
				);
				PRODUCT_BUNDLE_IDENTIFIER = fosun.com.YLAudio;
				PRODUCT_NAME = "$(TARGET_NAME)";
				TARGETED_DEVICE_FAMILY = "1,2";
			};
			name = Release;
		};
		A1F0BAE8212FF5CE0021A5D3 /* Debug */ = {
			isa = XCBuildConfiguration;
			buildSettings = {
				BUNDLE_LOADER = "$(TEST_HOST)";
				CODE_SIGN_STYLE = Automatic;
				DEVELOPMENT_TEAM = KKRH2AA7MD;
				INFOPLIST_FILE = YLAudioTests/Info.plist;
				LD_RUNPATH_SEARCH_PATHS = (
					"$(inherited)",
					"@executable_path/Frameworks",
					"@loader_path/Frameworks",
				);
				PRODUCT_BUNDLE_IDENTIFIER = fosun.com.YLAudioTests;
				PRODUCT_NAME = "$(TARGET_NAME)";
				TARGETED_DEVICE_FAMILY = "1,2";
				TEST_HOST = "$(BUILT_PRODUCTS_DIR)/YLAudio.app/YLAudio";
			};
			name = Debug;
		};
		A1F0BAE9212FF5CE0021A5D3 /* Release */ = {
			isa = XCBuildConfiguration;
			buildSettings = {
				BUNDLE_LOADER = "$(TEST_HOST)";
				CODE_SIGN_STYLE = Automatic;
				DEVELOPMENT_TEAM = KKRH2AA7MD;
				INFOPLIST_FILE = YLAudioTests/Info.plist;
				LD_RUNPATH_SEARCH_PATHS = (
					"$(inherited)",
					"@executable_path/Frameworks",
					"@loader_path/Frameworks",
				);
				PRODUCT_BUNDLE_IDENTIFIER = fosun.com.YLAudioTests;
				PRODUCT_NAME = "$(TARGET_NAME)";
				TARGETED_DEVICE_FAMILY = "1,2";
				TEST_HOST = "$(BUILT_PRODUCTS_DIR)/YLAudio.app/YLAudio";
			};
			name = Release;
		};
		A1F0BAEB212FF5CE0021A5D3 /* Debug */ = {
			isa = XCBuildConfiguration;
			buildSettings = {
				CODE_SIGN_STYLE = Automatic;
				DEVELOPMENT_TEAM = KKRH2AA7MD;
				INFOPLIST_FILE = YLAudioUITests/Info.plist;
				LD_RUNPATH_SEARCH_PATHS = (
					"$(inherited)",
					"@executable_path/Frameworks",
					"@loader_path/Frameworks",
				);
				PRODUCT_BUNDLE_IDENTIFIER = fosun.com.YLAudioUITests;
				PRODUCT_NAME = "$(TARGET_NAME)";
				TARGETED_DEVICE_FAMILY = "1,2";
				TEST_TARGET_NAME = YLAudio;
			};
			name = Debug;
		};
		A1F0BAEC212FF5CE0021A5D3 /* Release */ = {
			isa = XCBuildConfiguration;
			buildSettings = {
				CODE_SIGN_STYLE = Automatic;
				DEVELOPMENT_TEAM = KKRH2AA7MD;
				INFOPLIST_FILE = YLAudioUITests/Info.plist;
				LD_RUNPATH_SEARCH_PATHS = (
					"$(inherited)",
					"@executable_path/Frameworks",
					"@loader_path/Frameworks",
				);
				PRODUCT_BUNDLE_IDENTIFIER = fosun.com.YLAudioUITests;
				PRODUCT_NAME = "$(TARGET_NAME)";
				TARGETED_DEVICE_FAMILY = "1,2";
				TEST_TARGET_NAME = YLAudio;
			};
			name = Release;
		};
/* End XCBuildConfiguration section */

/* Begin XCConfigurationList section */
		A1F0BAB3212FF5CC0021A5D3 /* Build configuration list for PBXProject "YLAudio" */ = {
			isa = XCConfigurationList;
			buildConfigurations = (
				A1F0BAE2212FF5CE0021A5D3 /* Debug */,
				A1F0BAE3212FF5CE0021A5D3 /* Release */,
			);
			defaultConfigurationIsVisible = 0;
			defaultConfigurationName = Release;
		};
		A1F0BAE4212FF5CE0021A5D3 /* Build configuration list for PBXNativeTarget "YLAudio" */ = {
			isa = XCConfigurationList;
			buildConfigurations = (
				A1F0BAE5212FF5CE0021A5D3 /* Debug */,
				A1F0BAE6212FF5CE0021A5D3 /* Release */,
			);
			defaultConfigurationIsVisible = 0;
			defaultConfigurationName = Release;
		};
		A1F0BAE7212FF5CE0021A5D3 /* Build configuration list for PBXNativeTarget "YLAudioTests" */ = {
			isa = XCConfigurationList;
			buildConfigurations = (
				A1F0BAE8212FF5CE0021A5D3 /* Debug */,
				A1F0BAE9212FF5CE0021A5D3 /* Release */,
			);
			defaultConfigurationIsVisible = 0;
			defaultConfigurationName = Release;
		};
		A1F0BAEA212FF5CE0021A5D3 /* Build configuration list for PBXNativeTarget "YLAudioUITests" */ = {
			isa = XCConfigurationList;
			buildConfigurations = (
				A1F0BAEB212FF5CE0021A5D3 /* Debug */,
				A1F0BAEC212FF5CE0021A5D3 /* Release */,
			);
			defaultConfigurationIsVisible = 0;
			defaultConfigurationName = Release;
		};
/* End XCConfigurationList section */
	};
	rootObject = A1F0BAB0212FF5CC0021A5D3 /* Project object */;
}
